
Microsoft Visual Studio Solution File, Format Version 12.00
# Visual Studio Version 17
VisualStudioVersion = 17.9.34902.65
MinimumVisualStudioVersion = 10.0.40219.1
Project("{FAE04EC0-301F-11D3-BF4B-00C04F79EFBC}") = "Books_Day3", "Books_Day3\Books_Day3.csproj", "{B583F5AD-3525-455E-93E6-07018F2BCDCC}"
EndProject
Global
	GlobalSection(SolutionConfigurationPlatforms) = preSolution
		Debug|Any CPU = Debug|Any CPU
		Release|Any CPU = Release|Any CPU
	EndGlobalSection
	GlobalSection(ProjectConfigurationPlatforms) = postSolution
		{B583F5AD-3525-455E-93E6-07018F2BCDCC}.Debug|Any CPU.ActiveCfg = Debug|Any CPU
		{B583F5AD-3525-455E-93E6-07018F2BCDCC}.Debug|Any CPU.Build.0 = Debug|Any CPU
		{B583F5AD-3525-455E-93E6-07018F2BCDCC}.Release|Any CPU.ActiveCfg = Release|Any CPU
		{B583F5AD-3525-455E-93E6-07018F2BCDCC}.Release|Any CPU.Build.0 = Release|Any CPU
	EndGlobalSection
	GlobalSection(SolutionProperties) = preSolution
		HideSolutionNode = FALSE
	EndGlobalSection
	GlobalSection(ExtensibilityGlobals) = postSolution
		SolutionGuid = {FAEA51CE-4F03-4172-97C4-50742B990425}
	EndGlobalSection
EndGlobal
